
Microsoft Visual Studio Solution File, Format Version 12.00
# Visual Studio Version 17
VisualStudioVersion = 17.9.34723.18
MinimumVisualStudioVersion = 10.0.40219.1
Project("{FAE04EC0-301F-11D3-BF4B-00C04F79EFBC}") = "CapaPresentacion", "CapaPresentacion\CapaPresentacion.csproj", "{5A38D602-0133-4044-A604-F256202272AB}"
EndProject
Project("{FAE04EC0-301F-11D3-BF4B-00C04F79EFBC}") = "CapaDatos", "CapaDatos\CapaDatos.csproj", "{C6A8F3F1-7BA7-45ED-AB99-CA19A298B43F}"
EndProject
Project("{FAE04EC0-301F-11D3-BF4B-00C04F79EFBC}") = "capaLogica", "capaLogica\capaLogica.csproj", "{E8E2C7EA-32AD-4DB9-BFF0-84C8D5E9FDFD}"
EndProject
Project("{2150E333-8FDC-42A3-9474-1A3956D46DE8}") = "Elementos de la solución", "Elementos de la solución", "{321E49A3-610B-4129-AD6F-A661EE2D5C6D}"
	ProjectSection(SolutionItems) = preProject
		.gitignore = .gitignore
	EndProjectSection
EndProject
Global
	GlobalSection(SolutionConfigurationPlatforms) = preSolution
		Debug|Any CPU = Debug|Any CPU
		Release|Any CPU = Release|Any CPU
	EndGlobalSection
	GlobalSection(ProjectConfigurationPlatforms) = postSolution
		{5A38D602-0133-4044-A604-F256202272AB}.Debug|Any CPU.ActiveCfg = Debug|Any CPU
		{5A38D602-0133-4044-A604-F256202272AB}.Debug|Any CPU.Build.0 = Debug|Any CPU
		{5A38D602-0133-4044-A604-F256202272AB}.Release|Any CPU.ActiveCfg = Release|Any CPU
		{5A38D602-0133-4044-A604-F256202272AB}.Release|Any CPU.Build.0 = Release|Any CPU
		{C6A8F3F1-7BA7-45ED-AB99-CA19A298B43F}.Debug|Any CPU.ActiveCfg = Debug|Any CPU
		{C6A8F3F1-7BA7-45ED-AB99-CA19A298B43F}.Debug|Any CPU.Build.0 = Debug|Any CPU
		{C6A8F3F1-7BA7-45ED-AB99-CA19A298B43F}.Release|Any CPU.ActiveCfg = Release|Any CPU
		{C6A8F3F1-7BA7-45ED-AB99-CA19A298B43F}.Release|Any CPU.Build.0 = Release|Any CPU
		{E8E2C7EA-32AD-4DB9-BFF0-84C8D5E9FDFD}.Debug|Any CPU.ActiveCfg = Debug|Any CPU
		{E8E2C7EA-32AD-4DB9-BFF0-84C8D5E9FDFD}.Debug|Any CPU.Build.0 = Debug|Any CPU
		{E8E2C7EA-32AD-4DB9-BFF0-84C8D5E9FDFD}.Release|Any CPU.ActiveCfg = Release|Any CPU
		{E8E2C7EA-32AD-4DB9-BFF0-84C8D5E9FDFD}.Release|Any CPU.Build.0 = Release|Any CPU
	EndGlobalSection
	GlobalSection(SolutionProperties) = preSolution
		HideSolutionNode = FALSE
	EndGlobalSection
	GlobalSection(ExtensibilityGlobals) = postSolution
		SolutionGuid = {D04DCEB7-4D9B-4797-9CD0-1A71EBFC9A8F}
	EndGlobalSection
EndGlobal
